
Microsoft Visual Studio Solution File, Format Version 12.00
# Visual Studio Version 16
VisualStudioVersion = 16.0.31424.327
MinimumVisualStudioVersion = 10.0.40219.1
Project("{FAE04EC0-301F-11D3-BF4B-00C04F79EFBC}") = "Biblioteka v2", "Biblioteka v2\Biblioteka v2.csproj", "{3927557B-C124-4A54-B31E-8063D0435AA8}"
EndProject
Global
	GlobalSection(SolutionConfigurationPlatforms) = preSolution
		Debug|Any CPU = Debug|Any CPU
		Release|Any CPU = Release|Any CPU
	EndGlobalSection
	GlobalSection(ProjectConfigurationPlatforms) = postSolution
		{3927557B-C124-4A54-B31E-8063D0435AA8}.Debug|Any CPU.ActiveCfg = Debug|Any CPU
		{3927557B-C124-4A54-B31E-8063D0435AA8}.Debug|Any CPU.Build.0 = Debug|Any CPU
		{3927557B-C124-4A54-B31E-8063D0435AA8}.Release|Any CPU.ActiveCfg = Release|Any CPU
		{3927557B-C124-4A54-B31E-8063D0435AA8}.Release|Any CPU.Build.0 = Release|Any CPU
	EndGlobalSection
	GlobalSection(SolutionProperties) = preSolution
		HideSolutionNode = FALSE
	EndGlobalSection
	GlobalSection(ExtensibilityGlobals) = postSolution
		SolutionGuid = {AF67D144-0BED-4983-9D84-40495B8E3A16}
	EndGlobalSection
EndGlobal
